
Microsoft Visual Studio Solution File, Format Version 12.00
# Visual Studio Version 16
VisualStudioVersion = 16.0.32106.194
MinimumVisualStudioVersion = 10.0.40219.1
Project("{FAE04EC0-301F-11D3-BF4B-00C04F79EFBC}") = "DoublyLinkedListWithErrors", "DoublyLinkedListWithErrors\DoublyLinkedListWithErrors.csproj", "{8A96D9B2-C0A0-48B2-A32D-8498ACDC1A01}"
EndProject
Project("{9A19103F-16F7-4668-BE54-9A1E7A4F7556}") = "TestProject1", "TestProject1\TestProject1.csproj", "{C9B50364-3915-4762-9522-B0524F66BC72}"
EndProject
Global
	GlobalSection(SolutionConfigurationPlatforms) = preSolution
		Debug|Any CPU = Debug|Any CPU
		Release|Any CPU = Release|Any CPU
	EndGlobalSection
	GlobalSection(ProjectConfigurationPlatforms) = postSolution
		{8A96D9B2-C0A0-48B2-A32D-8498ACDC1A01}.Debug|Any CPU.ActiveCfg = Debug|Any CPU
		{8A96D9B2-C0A0-48B2-A32D-8498ACDC1A01}.Debug|Any CPU.Build.0 = Debug|Any CPU
		{8A96D9B2-C0A0-48B2-A32D-8498ACDC1A01}.Release|Any CPU.ActiveCfg = Release|Any CPU
		{8A96D9B2-C0A0-48B2-A32D-8498ACDC1A01}.Release|Any CPU.Build.0 = Release|Any CPU
		{C9B50364-3915-4762-9522-B0524F66BC72}.Debug|Any CPU.ActiveCfg = Debug|Any CPU
		{C9B50364-3915-4762-9522-B0524F66BC72}.Debug|Any CPU.Build.0 = Debug|Any CPU
		{C9B50364-3915-4762-9522-B0524F66BC72}.Release|Any CPU.ActiveCfg = Release|Any CPU
		{C9B50364-3915-4762-9522-B0524F66BC72}.Release|Any CPU.Build.0 = Release|Any CPU
	EndGlobalSection
	GlobalSection(SolutionProperties) = preSolution
		HideSolutionNode = FALSE
	EndGlobalSection
	GlobalSection(ExtensibilityGlobals) = postSolution
		SolutionGuid = {A803ECCA-A6C7-446B-A148-407EF015F42A}
	EndGlobalSection
EndGlobal
